
Microsoft Visual Studio Solution File, Format Version 12.00
# Visual Studio Version 16
VisualStudioVersion = 16.0.31105.61
MinimumVisualStudioVersion = 10.0.40219.1
Project("{FAE04EC0-301F-11D3-BF4B-00C04F79EFBC}") = "Zadanie_2_1_1", "Zadanie_2_1_1\Zadanie_2_1_1.csproj", "{8D07E28C-DFA6-4AE4-AF2E-4691B9F599B5}"
EndProject
Global
	GlobalSection(SolutionConfigurationPlatforms) = preSolution
		Debug|Any CPU = Debug|Any CPU
		Release|Any CPU = Release|Any CPU
	EndGlobalSection
	GlobalSection(ProjectConfigurationPlatforms) = postSolution
		{8D07E28C-DFA6-4AE4-AF2E-4691B9F599B5}.Debug|Any CPU.ActiveCfg = Debug|Any CPU
		{8D07E28C-DFA6-4AE4-AF2E-4691B9F599B5}.Debug|Any CPU.Build.0 = Debug|Any CPU
		{8D07E28C-DFA6-4AE4-AF2E-4691B9F599B5}.Release|Any CPU.ActiveCfg = Release|Any CPU
		{8D07E28C-DFA6-4AE4-AF2E-4691B9F599B5}.Release|Any CPU.Build.0 = Release|Any CPU
	EndGlobalSection
	GlobalSection(SolutionProperties) = preSolution
		HideSolutionNode = FALSE
	EndGlobalSection
	GlobalSection(ExtensibilityGlobals) = postSolution
		SolutionGuid = {A9056B3E-2236-48E5-8CB4-9FDCD3A55EDB}
	EndGlobalSection
EndGlobal
